
Microsoft Visual Studio Solution File, Format Version 12.00
# Visual Studio Version 17
VisualStudioVersion = 17.8.34330.188
MinimumVisualStudioVersion = 10.0.40219.1
Project("{FAE04EC0-301F-11D3-BF4B-00C04F79EFBC}") = "API", "API.csproj", "{B0B5F1A3-A21F-4876-A020-31BFA3D389ED}"
EndProject
Global
	GlobalSection(SolutionConfigurationPlatforms) = preSolution
		Debug|Any CPU = Debug|Any CPU
		Release|Any CPU = Release|Any CPU
	EndGlobalSection
	GlobalSection(ProjectConfigurationPlatforms) = postSolution
		{B0B5F1A3-A21F-4876-A020-31BFA3D389ED}.Debug|Any CPU.ActiveCfg = Debug|Any CPU
		{B0B5F1A3-A21F-4876-A020-31BFA3D389ED}.Debug|Any CPU.Build.0 = Debug|Any CPU
		{B0B5F1A3-A21F-4876-A020-31BFA3D389ED}.Release|Any CPU.ActiveCfg = Release|Any CPU
		{B0B5F1A3-A21F-4876-A020-31BFA3D389ED}.Release|Any CPU.Build.0 = Release|Any CPU
	EndGlobalSection
	GlobalSection(SolutionProperties) = preSolution
		HideSolutionNode = FALSE
	EndGlobalSection
	GlobalSection(ExtensibilityGlobals) = postSolution
		SolutionGuid = {4584209E-267D-423B-A053-B7B3CE61B41F}
	EndGlobalSection
EndGlobal
